
Microsoft Visual Studio Solution File, Format Version 12.00
# Visual Studio Version 17
VisualStudioVersion = 17.9.34723.18
MinimumVisualStudioVersion = 10.0.40219.1
Project("{FAE04EC0-301F-11D3-BF4B-00C04F79EFBC}") = "addressbook-web-test", "addressbook-web-test\addressbook-web-test.csproj", "{321935B0-8F0A-457D-8D02-622A32BC5A6C}"
EndProject
Global
	GlobalSection(SolutionConfigurationPlatforms) = preSolution
		Debug|Any CPU = Debug|Any CPU
		Release|Any CPU = Release|Any CPU
	EndGlobalSection
	GlobalSection(ProjectConfigurationPlatforms) = postSolution
		{321935B0-8F0A-457D-8D02-622A32BC5A6C}.Debug|Any CPU.ActiveCfg = Debug|Any CPU
		{321935B0-8F0A-457D-8D02-622A32BC5A6C}.Debug|Any CPU.Build.0 = Debug|Any CPU
		{321935B0-8F0A-457D-8D02-622A32BC5A6C}.Release|Any CPU.ActiveCfg = Release|Any CPU
		{321935B0-8F0A-457D-8D02-622A32BC5A6C}.Release|Any CPU.Build.0 = Release|Any CPU
	EndGlobalSection
	GlobalSection(SolutionProperties) = preSolution
		HideSolutionNode = FALSE
	EndGlobalSection
	GlobalSection(ExtensibilityGlobals) = postSolution
		SolutionGuid = {0585E822-C6C8-47AB-937A-76807E399E50}
	EndGlobalSection
EndGlobal
